
Microsoft Visual Studio Solution File, Format Version 12.00
# Visual Studio Version 17
VisualStudioVersion = 17.7.34003.232
MinimumVisualStudioVersion = 10.0.40219.1
Project("{FAE04EC0-301F-11D3-BF4B-00C04F79EFBC}") = "Projeto Felix", "Projeto Felix\Projeto Felix.csproj", "{5F9560CF-6DB3-40C4-A6B2-47A4B48D82D0}"
EndProject
Global
	GlobalSection(SolutionConfigurationPlatforms) = preSolution
		Debug|Any CPU = Debug|Any CPU
		Release|Any CPU = Release|Any CPU
	EndGlobalSection
	GlobalSection(ProjectConfigurationPlatforms) = postSolution
		{5F9560CF-6DB3-40C4-A6B2-47A4B48D82D0}.Debug|Any CPU.ActiveCfg = Debug|Any CPU
		{5F9560CF-6DB3-40C4-A6B2-47A4B48D82D0}.Debug|Any CPU.Build.0 = Debug|Any CPU
		{5F9560CF-6DB3-40C4-A6B2-47A4B48D82D0}.Release|Any CPU.ActiveCfg = Release|Any CPU
		{5F9560CF-6DB3-40C4-A6B2-47A4B48D82D0}.Release|Any CPU.Build.0 = Release|Any CPU
	EndGlobalSection
	GlobalSection(SolutionProperties) = preSolution
		HideSolutionNode = FALSE
	EndGlobalSection
	GlobalSection(ExtensibilityGlobals) = postSolution
		SolutionGuid = {B456D442-9593-41E0-AFDD-8A5B3AF9D58A}
	EndGlobalSection
EndGlobal
